
Microsoft Visual Studio Solution File, Format Version 11.00
# Visual Studio 2010
Project("{FAE04EC0-301F-11D3-BF4B-00C04F79EFBC}") = "Assembly-CSharp", "Assembly-CSharp.csproj", "{aabaae65-30e7-4fd9-c914-42a5af38315e}"
EndProject
Project("{FAE04EC0-301F-11D3-BF4B-00C04F79EFBC}") = "Assembly-CSharp-Editor", "Assembly-CSharp-Editor.csproj", "{8cda3373-7782-fb76-5130-d808cf13101d}"
EndProject
Global
	GlobalSection(SolutionConfigurationPlatforms) = preSolution
		Debug|Any CPU = Debug|Any CPU
	EndGlobalSection
	GlobalSection(ProjectConfigurationPlatforms) = postSolution
		{aabaae65-30e7-4fd9-c914-42a5af38315e}.Debug|Any CPU.ActiveCfg = Debug|Any CPU
		{aabaae65-30e7-4fd9-c914-42a5af38315e}.Debug|Any CPU.Build.0 = Debug|Any CPU
		{8cda3373-7782-fb76-5130-d808cf13101d}.Debug|Any CPU.ActiveCfg = Debug|Any CPU
		{8cda3373-7782-fb76-5130-d808cf13101d}.Debug|Any CPU.Build.0 = Debug|Any CPU
	EndGlobalSection
	GlobalSection(SolutionProperties) = preSolution
		HideSolutionNode = FALSE
	EndGlobalSection
EndGlobal
